
Microsoft Visual Studio Solution File, Format Version 12.00
# Visual Studio 15
Project("{FAE04EC0-301F-11D3-BF4B-00C04F79EFBC}") = "Assembly-CSharp", "Assembly-CSharp.csproj", "{7A4176A2-133E-D9DC-6C1C-3410F750FA2C}"
EndProject
Project("{FAE04EC0-301F-11D3-BF4B-00C04F79EFBC}") = "GoogleMobileAds.Editor", "GoogleMobileAds.Editor.csproj", "{CE654835-52CD-EB6D-7641-1F764010DC47}"
EndProject
Global
	GlobalSection(SolutionConfigurationPlatforms) = preSolution
		Debug|Any CPU = Debug|Any CPU
		Release|Any CPU = Release|Any CPU
	EndGlobalSection
	GlobalSection(ProjectConfigurationPlatforms) = postSolution
		{7A4176A2-133E-D9DC-6C1C-3410F750FA2C}.Debug|Any CPU.ActiveCfg = Debug|Any CPU
		{7A4176A2-133E-D9DC-6C1C-3410F750FA2C}.Debug|Any CPU.Build.0 = Debug|Any CPU
		{7A4176A2-133E-D9DC-6C1C-3410F750FA2C}.Release|Any CPU.ActiveCfg = Release|Any CPU
		{7A4176A2-133E-D9DC-6C1C-3410F750FA2C}.Release|Any CPU.Build.0 = Release|Any CPU
		{CE654835-52CD-EB6D-7641-1F764010DC47}.Debug|Any CPU.ActiveCfg = Debug|Any CPU
		{CE654835-52CD-EB6D-7641-1F764010DC47}.Debug|Any CPU.Build.0 = Debug|Any CPU
		{CE654835-52CD-EB6D-7641-1F764010DC47}.Release|Any CPU.ActiveCfg = Release|Any CPU
		{CE654835-52CD-EB6D-7641-1F764010DC47}.Release|Any CPU.Build.0 = Release|Any CPU
	EndGlobalSection
	GlobalSection(SolutionProperties) = preSolution
		HideSolutionNode = FALSE
	EndGlobalSection
EndGlobal
